
Microsoft Visual Studio Solution File, Format Version 12.00
Project("{FAE04EC0-301F-11D3-BF4B-00C04F79EFBC}") = "WaveEditor.ConsoleApp", "WaveEditor.ConsoleApp\WaveEditor.ConsoleApp.csproj", "{4DCA5034-C420-4701-A400-58ABC3478152}"
EndProject
Project("{FAE04EC0-301F-11D3-BF4B-00C04F79EFBC}") = "WaveEditor.Resize.Lib", "WaveEditor.Resize.Lib\WaveEditor.Resize.Lib.csproj", "{16000382-32F5-4C17-97F8-93E2575A346F}"
EndProject
Global
	GlobalSection(SolutionConfigurationPlatforms) = preSolution
		Debug|Any CPU = Debug|Any CPU
		Release|Any CPU = Release|Any CPU
	EndGlobalSection
	GlobalSection(ProjectConfigurationPlatforms) = postSolution
		{4DCA5034-C420-4701-A400-58ABC3478152}.Debug|Any CPU.ActiveCfg = Debug|Any CPU
		{4DCA5034-C420-4701-A400-58ABC3478152}.Debug|Any CPU.Build.0 = Debug|Any CPU
		{4DCA5034-C420-4701-A400-58ABC3478152}.Release|Any CPU.ActiveCfg = Release|Any CPU
		{4DCA5034-C420-4701-A400-58ABC3478152}.Release|Any CPU.Build.0 = Release|Any CPU
		{16000382-32F5-4C17-97F8-93E2575A346F}.Debug|Any CPU.ActiveCfg = Debug|Any CPU
		{16000382-32F5-4C17-97F8-93E2575A346F}.Debug|Any CPU.Build.0 = Debug|Any CPU
		{16000382-32F5-4C17-97F8-93E2575A346F}.Release|Any CPU.ActiveCfg = Release|Any CPU
		{16000382-32F5-4C17-97F8-93E2575A346F}.Release|Any CPU.Build.0 = Release|Any CPU
	EndGlobalSection
EndGlobal
